
Microsoft Visual Studio Solution File, Format Version 12.00
# Visual Studio Version 17
VisualStudioVersion = 17.7.34031.279
MinimumVisualStudioVersion = 10.0.40219.1
Project("{FAE04EC0-301F-11D3-BF4B-00C04F79EFBC}") = "Mytestproject", "Mytestproject\Mytestproject.csproj", "{97B89F67-4E59-47F2-BD4E-634B0624AF95}"
EndProject
Global
	GlobalSection(SolutionConfigurationPlatforms) = preSolution
		Debug|Any CPU = Debug|Any CPU
		Release|Any CPU = Release|Any CPU
	EndGlobalSection
	GlobalSection(ProjectConfigurationPlatforms) = postSolution
		{97B89F67-4E59-47F2-BD4E-634B0624AF95}.Debug|Any CPU.ActiveCfg = Debug|Any CPU
		{97B89F67-4E59-47F2-BD4E-634B0624AF95}.Debug|Any CPU.Build.0 = Debug|Any CPU
		{97B89F67-4E59-47F2-BD4E-634B0624AF95}.Release|Any CPU.ActiveCfg = Release|Any CPU
		{97B89F67-4E59-47F2-BD4E-634B0624AF95}.Release|Any CPU.Build.0 = Release|Any CPU
	EndGlobalSection
	GlobalSection(SolutionProperties) = preSolution
		HideSolutionNode = FALSE
	EndGlobalSection
	GlobalSection(ExtensibilityGlobals) = postSolution
		SolutionGuid = {E4968B3F-02E5-489C-BACF-7D820067CBCC}
	EndGlobalSection
EndGlobal
